
Microsoft Visual Studio Solution File, Format Version 12.00
# Visual Studio Version 16
VisualStudioVersion = 16.0.29728.190
MinimumVisualStudioVersion = 10.0.40219.1
Project("{FAE04EC0-301F-11D3-BF4B-00C04F79EFBC}") = "BluetoothLEBlobWriteIssueServerApp.Android", "BluetoothLEBlobWriteIssueServerApp.Android\BluetoothLEBlobWriteIssueServerApp.Android.csproj", "{6F365069-BF45-45FD-85DE-C0193A249ED4}"
EndProject
Project("{2150E333-8FDC-42A3-9474-1A3956D46DE8}") = "Views", "Views", "{5031E7FD-A251-4E4F-8648-A41521CFB105}"
EndProject
Project("{9A19103F-16F7-4668-BE54-9A1E7A4F7556}") = "BLEBWS.Views", "BLEBWS.Views\BLEBWS.Views.csproj", "{63844D27-8081-4262-BC48-321ABB7B88D2}"
EndProject
Project("{2150E333-8FDC-42A3-9474-1A3956D46DE8}") = "Services", "Services", "{21D0B19D-2183-4FE0-AF7D-8CCF784D9A95}"
EndProject
Project("{9A19103F-16F7-4668-BE54-9A1E7A4F7556}") = "BLEBWS.Services", "BLEBWS.Services\BLEBWS.Services.csproj", "{F584C821-1B88-41AC-905E-41B63E4BBC9B}"
EndProject
Project("{2150E333-8FDC-42A3-9474-1A3956D46DE8}") = "ViewModels", "ViewModels", "{E36F9624-9CA3-457C-9811-4F4CF33310BE}"
EndProject
Project("{9A19103F-16F7-4668-BE54-9A1E7A4F7556}") = "BLEBWS.ViewModelInterfaces", "BLEBWS.ViewModelInterfaces\BLEBWS.ViewModelInterfaces.csproj", "{0F969244-1197-47C5-ABFA-817C2F0B56F5}"
EndProject
Project("{2150E333-8FDC-42A3-9474-1A3956D46DE8}") = "Framework", "Framework", "{0753B0DC-84D4-4153-AB5A-01A508D7D454}"
EndProject
Project("{9A19103F-16F7-4668-BE54-9A1E7A4F7556}") = "FrameworkInterfaces", "..\Shared\FrameworkInterfaces\FrameworkInterfaces.csproj", "{E988D374-CB05-4741-B962-F118E68928D9}"
EndProject
Project("{9A19103F-16F7-4668-BE54-9A1E7A4F7556}") = "Framework.Helpers", "..\Shared\Framework.Helpers\Framework.Helpers.csproj", "{6CB7AF14-3E61-4CBC-B17D-02DAD5252CA6}"
EndProject
Project("{9A19103F-16F7-4668-BE54-9A1E7A4F7556}") = "UnityDIFacade", "..\Shared\UnityDIFacade\UnityDIFacade.csproj", "{D283F069-95B5-467F-A168-EF4C6FCFE2FD}"
EndProject
Project("{9A19103F-16F7-4668-BE54-9A1E7A4F7556}") = "Framework.VMUtilities", "..\Shared\Framework.VMUtilities\Framework.VMUtilities.csproj", "{E5694FF5-67EF-46F7-88B6-34FFF42B344B}"
EndProject
Project("{2150E333-8FDC-42A3-9474-1A3956D46DE8}") = "Models", "Models", "{25D7D3D8-E7A0-45CE-B4A8-FB3264F5549D}"
EndProject
Project("{9A19103F-16F7-4668-BE54-9A1E7A4F7556}") = "BLEBW.Models", "..\Shared\BLEBW.Models\BLEBW.Models.csproj", "{E6DA2FF0-98F2-495E-A60D-26228AB5AC1A}"
EndProject
Project("{2150E333-8FDC-42A3-9474-1A3956D46DE8}") = "Solution Items", "Solution Items", "{AD5FE913-B41B-4406-8165-63A547CC4705}"
	ProjectSection(SolutionItems) = preProject
		..\.gitignore = ..\.gitignore
		..\Settings.StyleCop = ..\Settings.StyleCop
	EndProjectSection
EndProject
Project("{9A19103F-16F7-4668-BE54-9A1E7A4F7556}") = "BLEBWS.ServiceInterfaces", "BLEBWS.ServiceInterfaces\BLEBWS.ServiceInterfaces.csproj", "{DCABC78E-6EED-4E7B-800E-A44E6071FC51}"
EndProject
Project("{9A19103F-16F7-4668-BE54-9A1E7A4F7556}") = "BLEBWS.ViewModels", "BLEBWS.ViewModels\BLEBWS.ViewModels.csproj", "{0847F3F6-69CF-4407-81E4-40668681DB98}"
EndProject
Project("{9A19103F-16F7-4668-BE54-9A1E7A4F7556}") = "BLEBWS.ViewInterfaces", "BLEBWS.ViewInterfaces\BLEBWS.ViewInterfaces.csproj", "{05BB13EE-BCD2-429B-885B-2A631EA694EA}"
EndProject
Project("{FAE04EC0-301F-11D3-BF4B-00C04F79EFBC}") = "Framework.Forms", "..\Shared\Framework.Forms\Framework.Forms.csproj", "{5F0461A4-6F01-4837-914F-7C03D14C88CB}"
EndProject
Global
	GlobalSection(SolutionConfigurationPlatforms) = preSolution
		Debug|Any CPU = Debug|Any CPU
		Release|Any CPU = Release|Any CPU
	EndGlobalSection
	GlobalSection(ProjectConfigurationPlatforms) = postSolution
		{6F365069-BF45-45FD-85DE-C0193A249ED4}.Debug|Any CPU.ActiveCfg = Debug|Any CPU
		{6F365069-BF45-45FD-85DE-C0193A249ED4}.Debug|Any CPU.Build.0 = Debug|Any CPU
		{6F365069-BF45-45FD-85DE-C0193A249ED4}.Debug|Any CPU.Deploy.0 = Debug|Any CPU
		{6F365069-BF45-45FD-85DE-C0193A249ED4}.Release|Any CPU.ActiveCfg = Release|Any CPU
		{6F365069-BF45-45FD-85DE-C0193A249ED4}.Release|Any CPU.Build.0 = Release|Any CPU
		{6F365069-BF45-45FD-85DE-C0193A249ED4}.Release|Any CPU.Deploy.0 = Release|Any CPU
		{63844D27-8081-4262-BC48-321ABB7B88D2}.Debug|Any CPU.ActiveCfg = Debug|Any CPU
		{63844D27-8081-4262-BC48-321ABB7B88D2}.Debug|Any CPU.Build.0 = Debug|Any CPU
		{63844D27-8081-4262-BC48-321ABB7B88D2}.Release|Any CPU.ActiveCfg = Release|Any CPU
		{63844D27-8081-4262-BC48-321ABB7B88D2}.Release|Any CPU.Build.0 = Release|Any CPU
		{F584C821-1B88-41AC-905E-41B63E4BBC9B}.Debug|Any CPU.ActiveCfg = Debug|Any CPU
		{F584C821-1B88-41AC-905E-41B63E4BBC9B}.Debug|Any CPU.Build.0 = Debug|Any CPU
		{F584C821-1B88-41AC-905E-41B63E4BBC9B}.Release|Any CPU.ActiveCfg = Release|Any CPU
		{F584C821-1B88-41AC-905E-41B63E4BBC9B}.Release|Any CPU.Build.0 = Release|Any CPU
		{0F969244-1197-47C5-ABFA-817C2F0B56F5}.Debug|Any CPU.ActiveCfg = Debug|Any CPU
		{0F969244-1197-47C5-ABFA-817C2F0B56F5}.Debug|Any CPU.Build.0 = Debug|Any CPU
		{0F969244-1197-47C5-ABFA-817C2F0B56F5}.Release|Any CPU.ActiveCfg = Release|Any CPU
		{0F969244-1197-47C5-ABFA-817C2F0B56F5}.Release|Any CPU.Build.0 = Release|Any CPU
		{E988D374-CB05-4741-B962-F118E68928D9}.Debug|Any CPU.ActiveCfg = Debug|Any CPU
		{E988D374-CB05-4741-B962-F118E68928D9}.Debug|Any CPU.Build.0 = Debug|Any CPU
		{E988D374-CB05-4741-B962-F118E68928D9}.Release|Any CPU.ActiveCfg = Release|Any CPU
		{E988D374-CB05-4741-B962-F118E68928D9}.Release|Any CPU.Build.0 = Release|Any CPU
		{6CB7AF14-3E61-4CBC-B17D-02DAD5252CA6}.Debug|Any CPU.ActiveCfg = Debug|Any CPU
		{6CB7AF14-3E61-4CBC-B17D-02DAD5252CA6}.Debug|Any CPU.Build.0 = Debug|Any CPU
		{6CB7AF14-3E61-4CBC-B17D-02DAD5252CA6}.Release|Any CPU.ActiveCfg = Release|Any CPU
		{6CB7AF14-3E61-4CBC-B17D-02DAD5252CA6}.Release|Any CPU.Build.0 = Release|Any CPU
		{D283F069-95B5-467F-A168-EF4C6FCFE2FD}.Debug|Any CPU.ActiveCfg = Debug|Any CPU
		{D283F069-95B5-467F-A168-EF4C6FCFE2FD}.Debug|Any CPU.Build.0 = Debug|Any CPU
		{D283F069-95B5-467F-A168-EF4C6FCFE2FD}.Release|Any CPU.ActiveCfg = Release|Any CPU
		{D283F069-95B5-467F-A168-EF4C6FCFE2FD}.Release|Any CPU.Build.0 = Release|Any CPU
		{E5694FF5-67EF-46F7-88B6-34FFF42B344B}.Debug|Any CPU.ActiveCfg = Debug|Any CPU
		{E5694FF5-67EF-46F7-88B6-34FFF42B344B}.Debug|Any CPU.Build.0 = Debug|Any CPU
		{E5694FF5-67EF-46F7-88B6-34FFF42B344B}.Release|Any CPU.ActiveCfg = Release|Any CPU
		{E5694FF5-67EF-46F7-88B6-34FFF42B344B}.Release|Any CPU.Build.0 = Release|Any CPU
		{E6DA2FF0-98F2-495E-A60D-26228AB5AC1A}.Debug|Any CPU.ActiveCfg = Debug|Any CPU
		{E6DA2FF0-98F2-495E-A60D-26228AB5AC1A}.Debug|Any CPU.Build.0 = Debug|Any CPU
		{E6DA2FF0-98F2-495E-A60D-26228AB5AC1A}.Release|Any CPU.ActiveCfg = Release|Any CPU
		{E6DA2FF0-98F2-495E-A60D-26228AB5AC1A}.Release|Any CPU.Build.0 = Release|Any CPU
		{DCABC78E-6EED-4E7B-800E-A44E6071FC51}.Debug|Any CPU.ActiveCfg = Debug|Any CPU
		{DCABC78E-6EED-4E7B-800E-A44E6071FC51}.Debug|Any CPU.Build.0 = Debug|Any CPU
		{DCABC78E-6EED-4E7B-800E-A44E6071FC51}.Release|Any CPU.ActiveCfg = Release|Any CPU
		{DCABC78E-6EED-4E7B-800E-A44E6071FC51}.Release|Any CPU.Build.0 = Release|Any CPU
		{0847F3F6-69CF-4407-81E4-40668681DB98}.Debug|Any CPU.ActiveCfg = Debug|Any CPU
		{0847F3F6-69CF-4407-81E4-40668681DB98}.Debug|Any CPU.Build.0 = Debug|Any CPU
		{0847F3F6-69CF-4407-81E4-40668681DB98}.Release|Any CPU.ActiveCfg = Release|Any CPU
		{0847F3F6-69CF-4407-81E4-40668681DB98}.Release|Any CPU.Build.0 = Release|Any CPU
		{05BB13EE-BCD2-429B-885B-2A631EA694EA}.Debug|Any CPU.ActiveCfg = Debug|Any CPU
		{05BB13EE-BCD2-429B-885B-2A631EA694EA}.Debug|Any CPU.Build.0 = Debug|Any CPU
		{05BB13EE-BCD2-429B-885B-2A631EA694EA}.Release|Any CPU.ActiveCfg = Release|Any CPU
		{05BB13EE-BCD2-429B-885B-2A631EA694EA}.Release|Any CPU.Build.0 = Release|Any CPU
		{5F0461A4-6F01-4837-914F-7C03D14C88CB}.Debug|Any CPU.ActiveCfg = Debug|Any CPU
		{5F0461A4-6F01-4837-914F-7C03D14C88CB}.Debug|Any CPU.Build.0 = Debug|Any CPU
		{5F0461A4-6F01-4837-914F-7C03D14C88CB}.Release|Any CPU.ActiveCfg = Release|Any CPU
		{5F0461A4-6F01-4837-914F-7C03D14C88CB}.Release|Any CPU.Build.0 = Release|Any CPU
	EndGlobalSection
	GlobalSection(SolutionProperties) = preSolution
		HideSolutionNode = FALSE
	EndGlobalSection
	GlobalSection(NestedProjects) = preSolution
		{63844D27-8081-4262-BC48-321ABB7B88D2} = {5031E7FD-A251-4E4F-8648-A41521CFB105}
		{F584C821-1B88-41AC-905E-41B63E4BBC9B} = {21D0B19D-2183-4FE0-AF7D-8CCF784D9A95}
		{0F969244-1197-47C5-ABFA-817C2F0B56F5} = {E36F9624-9CA3-457C-9811-4F4CF33310BE}
		{E988D374-CB05-4741-B962-F118E68928D9} = {0753B0DC-84D4-4153-AB5A-01A508D7D454}
		{6CB7AF14-3E61-4CBC-B17D-02DAD5252CA6} = {0753B0DC-84D4-4153-AB5A-01A508D7D454}
		{D283F069-95B5-467F-A168-EF4C6FCFE2FD} = {0753B0DC-84D4-4153-AB5A-01A508D7D454}
		{E5694FF5-67EF-46F7-88B6-34FFF42B344B} = {0753B0DC-84D4-4153-AB5A-01A508D7D454}
		{E6DA2FF0-98F2-495E-A60D-26228AB5AC1A} = {25D7D3D8-E7A0-45CE-B4A8-FB3264F5549D}
		{DCABC78E-6EED-4E7B-800E-A44E6071FC51} = {21D0B19D-2183-4FE0-AF7D-8CCF784D9A95}
		{0847F3F6-69CF-4407-81E4-40668681DB98} = {E36F9624-9CA3-457C-9811-4F4CF33310BE}
		{05BB13EE-BCD2-429B-885B-2A631EA694EA} = {5031E7FD-A251-4E4F-8648-A41521CFB105}
		{5F0461A4-6F01-4837-914F-7C03D14C88CB} = {0753B0DC-84D4-4153-AB5A-01A508D7D454}
	EndGlobalSection
	GlobalSection(ExtensibilityGlobals) = postSolution
		SolutionGuid = {B81EB904-1C3D-4430-AD10-319C1167D1CC}
	EndGlobalSection
EndGlobal
